// !$*UTF8*$!
{
	archiveVersion = 1;
	classes = {
	};
	objectVersion = 46;
	objects = {

/* Begin PBXBuildFile section */
		506807B91CA26D2F0040DB97 /* AppDelegate.swift in Sources */ = {isa = PBXBuildFile; fileRef = 506807B81CA26D2F0040DB97 /* AppDelegate.swift */; };
		506807BB1CA26D2F0040DB97 /* ViewController.swift in Sources */ = {isa = PBXBuildFile; fileRef = 506807BA1CA26D2F0040DB97 /* ViewController.swift */; };
		506807BE1CA26D2F0040DB97 /* Main.storyboard in Resources */ = {isa = PBXBuildFile; fileRef = 506807BC1CA26D2F0040DB97 /* Main.storyboard */; };
		506807C01CA26D2F0040DB97 /* Images.xcassets in Resources */ = {isa = PBXBuildFile; fileRef = 506807BF1CA26D2F0040DB97 /* Images.xcassets */; };
		506807C31CA26D2F0040DB97 /* LaunchScreen.xib in Resources */ = {isa = PBXBuildFile; fileRef = 506807C11CA26D2F0040DB97 /* LaunchScreen.xib */; };
		506807CF1CA26D2F0040DB97 /* PlayingAudioBackgroundTests.swift in Sources */ = {isa = PBXBuildFile; fileRef = 506807CE1CA26D2F0040DB97 /* PlayingAudioBackgroundTests.swift */; };
/* End PBXBuildFile section */

/* Begin PBXContainerItemProxy section */
		506807C91CA26D2F0040DB97 /* PBXContainerItemProxy */ = {
			isa = PBXContainerItemProxy;
			containerPortal = 506807AB1CA26D2F0040DB97 /* Project object */;
			proxyType = 1;
			remoteGlobalIDString = 506807B21CA26D2F0040DB97;
			remoteInfo = PlayingAudioBackground;
		};
/* End PBXContainerItemProxy section */

/* Begin PBXFileReference section */
		506807B31CA26D2F0040DB97 /* PlayingAudioBackground.app */ = {isa = PBXFileReference; explicitFileType = wrapper.application; includeInIndex = 0; path = PlayingAudioBackground.app; sourceTree = BUILT_PRODUCTS_DIR; };
		506807B71CA26D2F0040DB97 /* Info.plist */ = {isa = PBXFileReference; lastKnownFileType = text.plist.xml; path = Info.plist; sourceTree = "<group>"; };
		506807B81CA26D2F0040DB97 /* AppDelegate.swift */ = {isa = PBXFileReference; lastKnownFileType = sourcecode.swift; path = AppDelegate.swift; sourceTree = "<group>"; };
		506807BA1CA26D2F0040DB97 /* ViewController.swift */ = {isa = PBXFileReference; lastKnownFileType = sourcecode.swift; path = ViewController.swift; sourceTree = "<group>"; };
		506807BD1CA26D2F0040DB97 /* Base */ = {isa = PBXFileReference; lastKnownFileType = file.storyboard; name = Base; path = Base.lproj/Main.storyboard; sourceTree = "<group>"; };
		506807BF1CA26D2F0040DB97 /* Images.xcassets */ = {isa = PBXFileReference; lastKnownFileType = folder.assetcatalog; path = Images.xcassets; sourceTree = "<group>"; };
		506807C21CA26D2F0040DB97 /* Base */ = {isa = PBXFileReference; lastKnownFileType = file.xib; name = Base; path = Base.lproj/LaunchScreen.xib; sourceTree = "<group>"; };
		506807C81CA26D2F0040DB97 /* PlayingAudioBackgroundTests.xctest */ = {isa = PBXFileReference; explicitFileType = wrapper.cfbundle; includeInIndex = 0; path = PlayingAudioBackgroundTests.xctest; sourceTree = BUILT_PRODUCTS_DIR; };
		506807CD1CA26D2F0040DB97 /* Info.plist */ = {isa = PBXFileReference; lastKnownFileType = text.plist.xml; path = Info.plist; sourceTree = "<group>"; };
		506807CE1CA26D2F0040DB97 /* PlayingAudioBackgroundTests.swift */ = {isa = PBXFileReference; lastKnownFileType = sourcecode.swift; path = PlayingAudioBackgroundTests.swift; sourceTree = "<group>"; };
/* End PBXFileReference section */

/* Begin PBXFrameworksBuildPhase section */
		506807B01CA26D2F0040DB97 /* Frameworks */ = {
			isa = PBXFrameworksBuildPhase;
			buildActionMask = 2147483647;
			files = (
			);
			runOnlyForDeploymentPostprocessing = 0;
		};
		506807C51CA26D2F0040DB97 /* Frameworks */ = {
			isa = PBXFrameworksBuildPhase;
			buildActionMask = 2147483647;
			files = (
			);
			runOnlyForDeploymentPostprocessing = 0;
		};
/* End PBXFrameworksBuildPhase section */

/* Begin PBXGroup section */
		506807AA1CA26D2F0040DB97 = {
			isa = PBXGroup;
			children = (
				506807B51CA26D2F0040DB97 /* PlayingAudioBackground */,
				506807CB1CA26D2F0040DB97 /* PlayingAudioBackgroundTests */,
				506807B41CA26D2F0040DB97 /* Products */,
			);
			sourceTree = "<group>";
		};
		506807B41CA26D2F0040DB97 /* Products */ = {
			isa = PBXGroup;
			children = (
				506807B31CA26D2F0040DB97 /* PlayingAudioBackground.app */,
				506807C81CA26D2F0040DB97 /* PlayingAudioBackgroundTests.xctest */,
			);
			name = Products;
			sourceTree = "<group>";
		};
		506807B51CA26D2F0040DB97 /* PlayingAudioBackground */ = {
			isa = PBXGroup;
			children = (
				506807B81CA26D2F0040DB97 /* AppDelegate.swift */,
				506807BA1CA26D2F0040DB97 /* ViewController.swift */,
				506807BC1CA26D2F0040DB97 /* Main.storyboard */,
				506807BF1CA26D2F0040DB97 /* Images.xcassets */,
				506807C11CA26D2F0040DB97 /* LaunchScreen.xib */,
				506807B61CA26D2F0040DB97 /* Supporting Files */,
			);
			path = PlayingAudioBackground;
			sourceTree = "<group>";
		};
		506807B61CA26D2F0040DB97 /* Supporting Files */ = {
			isa = PBXGroup;
			children = (
				506807B71CA26D2F0040DB97 /* Info.plist */,
			);
			name = "Supporting Files";
			sourceTree = "<group>";
		};
		506807CB1CA26D2F0040DB97 /* PlayingAudioBackgroundTests */ = {
			isa = PBXGroup;
			children = (
				506807CE1CA26D2F0040DB97 /* PlayingAudioBackgroundTests.swift */,
				506807CC1CA26D2F0040DB97 /* Supporting Files */,
			);
			path = PlayingAudioBackgroundTests;
			sourceTree = "<group>";
		};
		506807CC1CA26D2F0040DB97 /* Supporting Files */ = {
			isa = PBXGroup;
			children = (
				506807CD1CA26D2F0040DB97 /* Info.plist */,
			);
			name = "Supporting Files";
			sourceTree = "<group>";
		};
/* End PBXGroup section */

/* Begin PBXNativeTarget section */
		506807B21CA26D2F0040DB97 /* PlayingAudioBackground */ = {
			isa = PBXNativeTarget;
			buildConfigurationList = 506807D21CA26D2F0040DB97 /* Build configuration list for PBXNativeTarget "PlayingAudioBackground" */;
			buildPhases = (
				506807AF1CA26D2F0040DB97 /* Sources */,
				506807B01CA26D2F0040DB97 /* Frameworks */,
				506807B11CA26D2F0040DB97 /* Resources */,
			);
			buildRules = (
			);
			dependencies = (
			);
			name = PlayingAudioBackground;
			productName = PlayingAudioBackground;
			productReference = 506807B31CA26D2F0040DB97 /* PlayingAudioBackground.app */;
			productType = "com.apple.product-type.application";
		};
		506807C71CA26D2F0040DB97 /* PlayingAudioBackgroundTests */ = {
			isa = PBXNativeTarget;
			buildConfigurationList = 506807D51CA26D2F0040DB97 /* Build configuration list for PBXNativeTarget "PlayingAudioBackgroundTests" */;
			buildPhases = (
				506807C41CA26D2F0040DB97 /* Sources */,
				506807C51CA26D2F0040DB97 /* Frameworks */,
				506807C61CA26D2F0040DB97 /* Resources */,
			);
			buildRules = (
			);
			dependencies = (
				506807CA1CA26D2F0040DB97 /* PBXTargetDependency */,
			);
			name = PlayingAudioBackgroundTests;
			productName = PlayingAudioBackgroundTests;
			productReference = 506807C81CA26D2F0040DB97 /* PlayingAudioBackgroundTests.xctest */;
			productType = "com.apple.product-type.bundle.unit-test";
		};
/* End PBXNativeTarget section */

/* Begin PBXProject section */
		506807AB1CA26D2F0040DB97 /* Project object */ = {
			isa = PBXProject;
			attributes = {
				LastUpgradeCheck = 0610;
				ORGANIZATIONNAME = Enclave;
				TargetAttributes = {
					506807B21CA26D2F0040DB97 = {
						CreatedOnToolsVersion = 6.1;
						SystemCapabilities = {
							com.apple.BackgroundModes = {
								enabled = 1;
							};
						};
					};
					506807C71CA26D2F0040DB97 = {
						CreatedOnToolsVersion = 6.1;
						TestTargetID = 506807B21CA26D2F0040DB97;
					};
				};
			};
			buildConfigurationList = 506807AE1CA26D2F0040DB97 /* Build configuration list for PBXProject "PlayingAudioBackground" */;
			compatibilityVersion = "Xcode 3.2";
			developmentRegion = English;
			hasScannedForEncodings = 0;
			knownRegions = (
				en,
				Base,
			);
			mainGroup = 506807AA1CA26D2F0040DB97;
			productRefGroup = 506807B41CA26D2F0040DB97 /* Products */;
			projectDirPath = "";
			projectRoot = "";
			targets = (
				506807B21CA26D2F0040DB97 /* PlayingAudioBackground */,
				506807C71CA26D2F0040DB97 /* PlayingAudioBackgroundTests */,
			);
		};
/* End PBXProject section */

/* Begin PBXResourcesBuildPhase section */
		506807B11CA26D2F0040DB97 /* Resources */ = {
			isa = PBXResourcesBuildPhase;
			buildActionMask = 2147483647;
			files = (
				506807BE1CA26D2F0040DB97 /* Main.storyboard in Resources */,
				506807C31CA26D2F0040DB97 /* LaunchScreen.xib in Resources */,
				506807C01CA26D2F0040DB97 /* Images.xcassets in Resources */,
			);
			runOnlyForDeploymentPostprocessing = 0;
		};
		506807C61CA26D2F0040DB97 /* Resources */ = {
			isa = PBXResourcesBuildPhase;
			buildActionMask = 2147483647;
			files = (
			);
			runOnlyForDeploymentPostprocessing = 0;
		};
/* End PBXResourcesBuildPhase section */

/* Begin PBXSourcesBuildPhase section */
		506807AF1CA26D2F0040DB97 /* Sources */ = {
			isa = PBXSourcesBuildPhase;
			buildActionMask = 2147483647;
			files = (
				506807BB1CA26D2F0040DB97 /* ViewController.swift in Sources */,
				506807B91CA26D2F0040DB97 /* AppDelegate.swift in Sources */,
			);
			runOnlyForDeploymentPostprocessing = 0;
		};
		506807C41CA26D2F0040DB97 /* Sources */ = {
			isa = PBXSourcesBuildPhase;
			buildActionMask = 2147483647;
			files = (
				506807CF1CA26D2F0040DB97 /* PlayingAudioBackgroundTests.swift in Sources */,
			);
			runOnlyForDeploymentPostprocessing = 0;
		};
/* End PBXSourcesBuildPhase section */

/* Begin PBXTargetDependency section */
		506807CA1CA26D2F0040DB97 /* PBXTargetDependency */ = {
			isa = PBXTargetDependency;
			target = 506807B21CA26D2F0040DB97 /* PlayingAudioBackground */;
			targetProxy = 506807C91CA26D2F0040DB97 /* PBXContainerItemProxy */;
		};
/* End PBXTargetDependency section */

/* Begin PBXVariantGroup section */
		506807BC1CA26D2F0040DB97 /* Main.storyboard */ = {
			isa = PBXVariantGroup;
			children = (
				506807BD1CA26D2F0040DB97 /* Base */,
			);
			name = Main.storyboard;
			sourceTree = "<group>";
		};
		506807C11CA26D2F0040DB97 /* LaunchScreen.xib */ = {
			isa = PBXVariantGroup;
			children = (
				506807C21CA26D2F0040DB97 /* Base */,
			);
			name = LaunchScreen.xib;
			sourceTree = "<group>";
		};
/* End PBXVariantGroup section */

/* Begin XCBuildConfiguration section */
		506807D01CA26D2F0040DB97 /* Debug */ = {
			isa = XCBuildConfiguration;
			buildSettings = {
				ALWAYS_SEARCH_USER_PATHS = NO;
				CLANG_CXX_LANGUAGE_STANDARD = "gnu++0x";
				CLANG_CXX_LIBRARY = "libc++";
				CLANG_ENABLE_MODULES = YES;
				CLANG_ENABLE_OBJC_ARC = YES;
				CLANG_WARN_BOOL_CONVERSION = YES;
				CLANG_WARN_CONSTANT_CONVERSION = YES;
				CLANG_WARN_DIRECT_OBJC_ISA_USAGE = YES_ERROR;
				CLANG_WARN_EMPTY_BODY = YES;
				CLANG_WARN_ENUM_CONVERSION = YES;
				CLANG_WARN_INT_CONVERSION = YES;
				CLANG_WARN_OBJC_ROOT_CLASS = YES_ERROR;
				CLANG_WARN_UNREACHABLE_CODE = YES;
				CLANG_WARN__DUPLICATE_METHOD_MATCH = YES;
				"CODE_SIGN_IDENTITY[sdk=iphoneos*]" = "iPhone Developer";
				COPY_PHASE_STRIP = NO;
				ENABLE_STRICT_OBJC_MSGSEND = YES;
				GCC_C_LANGUAGE_STANDARD = gnu99;
				GCC_DYNAMIC_NO_PIC = NO;
				GCC_OPTIMIZATION_LEVEL = 0;
				GCC_PREPROCESSOR_DEFINITIONS = (
					"DEBUG=1",
					"$(inherited)",
				);
				GCC_SYMBOLS_PRIVATE_EXTERN = NO;
				GCC_WARN_64_TO_32_BIT_CONVERSION = YES;
				GCC_WARN_ABOUT_RETURN_TYPE = YES_ERROR;
				GCC_WARN_UNDECLARED_SELECTOR = YES;
				GCC_WARN_UNINITIALIZED_AUTOS = YES_AGGRESSIVE;
				GCC_WARN_UNUSED_FUNCTION = YES;
				GCC_WARN_UNUSED_VARIABLE = YES;
				IPHONEOS_DEPLOYMENT_TARGET = 8.1;
				MTL_ENABLE_DEBUG_INFO = YES;
				ONLY_ACTIVE_ARCH = YES;
				SDKROOT = iphoneos;
				SWIFT_OPTIMIZATION_LEVEL = "-Onone";
			};
			name = Debug;
		};
		506807D11CA26D2F0040DB97 /* Release */ = {
			isa = XCBuildConfiguration;
			buildSettings = {
				ALWAYS_SEARCH_USER_PATHS = NO;
				CLANG_CXX_LANGUAGE_STANDARD = "gnu++0x";
				CLANG_CXX_LIBRARY = "libc++";
				CLANG_ENABLE_MODULES = YES;
				CLANG_ENABLE_OBJC_ARC = YES;
				CLANG_WARN_BOOL_CONVERSION = YES;
				CLANG_WARN_CONSTANT_CONVERSION = YES;
				CLANG_WARN_DIRECT_OBJC_ISA_USAGE = YES_ERROR;
				CLANG_WARN_EMPTY_BODY = YES;
				CLANG_WARN_ENUM_CONVERSION = YES;
				CLANG_WARN_INT_CONVERSION = YES;
				CLANG_WARN_OBJC_ROOT_CLASS = YES_ERROR;
				CLANG_WARN_UNREACHABLE_CODE = YES;
				CLANG_WARN__DUPLICATE_METHOD_MATCH = YES;
				"CODE_SIGN_IDENTITY[sdk=iphoneos*]" = "iPhone Developer";
				COPY_PHASE_STRIP = YES;
				ENABLE_NS_ASSERTIONS = NO;
				ENABLE_STRICT_OBJC_MSGSEND = YES;
				GCC_C_LANGUAGE_STANDARD = gnu99;
				GCC_WARN_64_TO_32_BIT_CONVERSION = YES;
				GCC_WARN_ABOUT_RETURN_TYPE = YES_ERROR;
				GCC_WARN_UNDECLARED_SELECTOR = YES;
				GCC_WARN_UNINITIALIZED_AUTOS = YES_AGGRESSIVE;
				GCC_WARN_UNUSED_FUNCTION = YES;
				GCC_WARN_UNUSED_VARIABLE = YES;
				IPHONEOS_DEPLOYMENT_TARGET = 8.1;
				MTL_ENABLE_DEBUG_INFO = NO;
				SDKROOT = iphoneos;
				VALIDATE_PRODUCT = YES;
			};
			name = Release;
		};
		506807D31CA26D2F0040DB97 /* Debug */ = {
			isa = XCBuildConfiguration;
			buildSettings = {
				ASSETCATALOG_COMPILER_APPICON_NAME = AppIcon;
				INFOPLIST_FILE = PlayingAudioBackground/Info.plist;
				LD_RUNPATH_SEARCH_PATHS = "$(inherited) @executable_path/Frameworks";
				PRODUCT_NAME = "$(TARGET_NAME)";
			};
			name = Debug;
		};
		506807D41CA26D2F0040DB97 /* Release */ = {
			isa = XCBuildConfiguration;
			buildSettings = {
				ASSETCATALOG_COMPILER_APPICON_NAME = AppIcon;
				INFOPLIST_FILE = PlayingAudioBackground/Info.plist;
				LD_RUNPATH_SEARCH_PATHS = "$(inherited) @executable_path/Frameworks";
				PRODUCT_NAME = "$(TARGET_NAME)";
			};
			name = Release;
		};
		506807D61CA26D2F0040DB97 /* Debug */ = {
			isa = XCBuildConfiguration;
			buildSettings = {
				BUNDLE_LOADER = "$(TEST_HOST)";
				FRAMEWORK_SEARCH_PATHS = (
					"$(SDKROOT)/Developer/Library/Frameworks",
					"$(inherited)",
				);
				GCC_PREPROCESSOR_DEFINITIONS = (
					"DEBUG=1",
					"$(inherited)",
				);
				INFOPLIST_FILE = PlayingAudioBackgroundTests/Info.plist;
				LD_RUNPATH_SEARCH_PATHS = "$(inherited) @executable_path/Frameworks @loader_path/Frameworks";
				PRODUCT_NAME = "$(TARGET_NAME)";
				TEST_HOST = "$(BUILT_PRODUCTS_DIR)/PlayingAudioBackground.app/PlayingAudioBackground";
			};
			name = Debug;
		};
		506807D71CA26D2F0040DB97 /* Release */ = {
			isa = XCBuildConfiguration;
			buildSettings = {
				BUNDLE_LOADER = "$(TEST_HOST)";
				FRAMEWORK_SEARCH_PATHS = (
					"$(SDKROOT)/Developer/Library/Frameworks",
					"$(inherited)",
				);
				INFOPLIST_FILE = PlayingAudioBackgroundTests/Info.plist;
				LD_RUNPATH_SEARCH_PATHS = "$(inherited) @executable_path/Frameworks @loader_path/Frameworks";
				PRODUCT_NAME = "$(TARGET_NAME)";
				TEST_HOST = "$(BUILT_PRODUCTS_DIR)/PlayingAudioBackground.app/PlayingAudioBackground";
			};
			name = Release;
		};
/* End XCBuildConfiguration section */

/* Begin XCConfigurationList section */
		506807AE1CA26D2F0040DB97 /* Build configuration list for PBXProject "PlayingAudioBackground" */ = {
			isa = XCConfigurationList;
			buildConfigurations = (
				506807D01CA26D2F0040DB97 /* Debug */,
				506807D11CA26D2F0040DB97 /* Release */,
			);
			defaultConfigurationIsVisible = 0;
			defaultConfigurationName = Release;
		};
		506807D21CA26D2F0040DB97 /* Build configuration list for PBXNativeTarget "PlayingAudioBackground" */ = {
			isa = XCConfigurationList;
			buildConfigurations = (
				506807D31CA26D2F0040DB97 /* Debug */,
				506807D41CA26D2F0040DB97 /* Release */,
			);
			defaultConfigurationIsVisible = 0;
			defaultConfigurationName = Release;
		};
		506807D51CA26D2F0040DB97 /* Build configuration list for PBXNativeTarget "PlayingAudioBackgroundTests" */ = {
			isa = XCConfigurationList;
			buildConfigurations = (
				506807D61CA26D2F0040DB97 /* Debug */,
				506807D71CA26D2F0040DB97 /* Release */,
			);
			defaultConfigurationIsVisible = 0;
			defaultConfigurationName = Release;
		};
/* End XCConfigurationList section */
	};
	rootObject = 506807AB1CA26D2F0040DB97 /* Project object */;
}
